
Microsoft Visual Studio Solution File, Format Version 12.00
# Visual Studio 14
VisualStudioVersion = 14.0.25420.1
MinimumVisualStudioVersion = 10.0.40219.1
Project("{FAE04EC0-301F-11D3-BF4B-00C04F79EFBC}") = "GestionDocente", "Obligatorio1DA\GestionDocente.csproj", "{99B99CDE-B8E9-4FE3-8FF5-E3F908092C11}"
EndProject
Project("{FAE04EC0-301F-11D3-BF4B-00C04F79EFBC}") = "PruebasUnitarias", "PruebasUnitarias\PruebasUnitarias.csproj", "{A9F5BCC4-CFF0-4741-A221-3EC6BB398DD0}"
EndProject
Project("{FAE04EC0-301F-11D3-BF4B-00C04F79EFBC}") = "Interfaces", "Interfaces\Interfaces.csproj", "{1A27E14A-3F49-476A-BAD9-E118B4A628D1}"
EndProject
Project("{FAE04EC0-301F-11D3-BF4B-00C04F79EFBC}") = "GestionAlumno", "GestionAlumno\GestionAlumno.csproj", "{FE17B301-31C3-47E8-9576-60F23264A7F6}"
EndProject
Project("{FAE04EC0-301F-11D3-BF4B-00C04F79EFBC}") = "GestionMateria", "GestionMateria\GestionMateria.csproj", "{F469051A-8078-4AC2-8F7D-2CDF527CF01C}"
EndProject
Project("{FAE04EC0-301F-11D3-BF4B-00C04F79EFBC}") = "InterfazUsuario", "InterfazUsuario\InterfazUsuario.csproj", "{D815550B-3591-4576-AFE6-5B7FDFE18ACC}"
EndProject
Project("{FAE04EC0-301F-11D3-BF4B-00C04F79EFBC}") = "GestionCamioneta", "GestionCamioneta\GestionCamioneta.csproj", "{23AC0844-1FCE-4251-BCB9-0D2DDE13BDEA}"
EndProject
Global
	GlobalSection(SolutionConfigurationPlatforms) = preSolution
		Debug|Any CPU = Debug|Any CPU
		Release|Any CPU = Release|Any CPU
	EndGlobalSection
	GlobalSection(ProjectConfigurationPlatforms) = postSolution
		{99B99CDE-B8E9-4FE3-8FF5-E3F908092C11}.Debug|Any CPU.ActiveCfg = Debug|Any CPU
		{99B99CDE-B8E9-4FE3-8FF5-E3F908092C11}.Debug|Any CPU.Build.0 = Debug|Any CPU
		{99B99CDE-B8E9-4FE3-8FF5-E3F908092C11}.Release|Any CPU.ActiveCfg = Release|Any CPU
		{99B99CDE-B8E9-4FE3-8FF5-E3F908092C11}.Release|Any CPU.Build.0 = Release|Any CPU
		{A9F5BCC4-CFF0-4741-A221-3EC6BB398DD0}.Debug|Any CPU.ActiveCfg = Debug|Any CPU
		{A9F5BCC4-CFF0-4741-A221-3EC6BB398DD0}.Debug|Any CPU.Build.0 = Debug|Any CPU
		{A9F5BCC4-CFF0-4741-A221-3EC6BB398DD0}.Release|Any CPU.ActiveCfg = Release|Any CPU
		{A9F5BCC4-CFF0-4741-A221-3EC6BB398DD0}.Release|Any CPU.Build.0 = Release|Any CPU
		{1A27E14A-3F49-476A-BAD9-E118B4A628D1}.Debug|Any CPU.ActiveCfg = Debug|Any CPU
		{1A27E14A-3F49-476A-BAD9-E118B4A628D1}.Debug|Any CPU.Build.0 = Debug|Any CPU
		{1A27E14A-3F49-476A-BAD9-E118B4A628D1}.Release|Any CPU.ActiveCfg = Release|Any CPU
		{1A27E14A-3F49-476A-BAD9-E118B4A628D1}.Release|Any CPU.Build.0 = Release|Any CPU
		{FE17B301-31C3-47E8-9576-60F23264A7F6}.Debug|Any CPU.ActiveCfg = Debug|Any CPU
		{FE17B301-31C3-47E8-9576-60F23264A7F6}.Debug|Any CPU.Build.0 = Debug|Any CPU
		{FE17B301-31C3-47E8-9576-60F23264A7F6}.Release|Any CPU.ActiveCfg = Release|Any CPU
		{FE17B301-31C3-47E8-9576-60F23264A7F6}.Release|Any CPU.Build.0 = Release|Any CPU
		{F469051A-8078-4AC2-8F7D-2CDF527CF01C}.Debug|Any CPU.ActiveCfg = Debug|Any CPU
		{F469051A-8078-4AC2-8F7D-2CDF527CF01C}.Debug|Any CPU.Build.0 = Debug|Any CPU
		{F469051A-8078-4AC2-8F7D-2CDF527CF01C}.Release|Any CPU.ActiveCfg = Release|Any CPU
		{F469051A-8078-4AC2-8F7D-2CDF527CF01C}.Release|Any CPU.Build.0 = Release|Any CPU
		{D815550B-3591-4576-AFE6-5B7FDFE18ACC}.Debug|Any CPU.ActiveCfg = Debug|Any CPU
		{D815550B-3591-4576-AFE6-5B7FDFE18ACC}.Debug|Any CPU.Build.0 = Debug|Any CPU
		{D815550B-3591-4576-AFE6-5B7FDFE18ACC}.Release|Any CPU.ActiveCfg = Release|Any CPU
		{D815550B-3591-4576-AFE6-5B7FDFE18ACC}.Release|Any CPU.Build.0 = Release|Any CPU
		{23AC0844-1FCE-4251-BCB9-0D2DDE13BDEA}.Debug|Any CPU.ActiveCfg = Debug|Any CPU
		{23AC0844-1FCE-4251-BCB9-0D2DDE13BDEA}.Debug|Any CPU.Build.0 = Debug|Any CPU
		{23AC0844-1FCE-4251-BCB9-0D2DDE13BDEA}.Release|Any CPU.ActiveCfg = Release|Any CPU
		{23AC0844-1FCE-4251-BCB9-0D2DDE13BDEA}.Release|Any CPU.Build.0 = Release|Any CPU
	EndGlobalSection
	GlobalSection(SolutionProperties) = preSolution
		HideSolutionNode = FALSE
	EndGlobalSection
EndGlobal
